
Microsoft Visual Studio Solution File, Format Version 12.00
# Visual Studio Version 16
VisualStudioVersion = 25.0.1705.0
MinimumVisualStudioVersion = 10.0.40219.1
Project("{FAE04EC0-301F-11D3-BF4B-00C04F79EFBC}") = "Exploration RPG", "Exploration RPG\Exploration RPG.csproj", "{1F6AB4DB-D532-4AAF-845B-C8AA52C55F6A}"
EndProject
Global
	GlobalSection(SolutionConfigurationPlatforms) = preSolution
		Debug|Any CPU = Debug|Any CPU
		Release|Any CPU = Release|Any CPU
	EndGlobalSection
	GlobalSection(ProjectConfigurationPlatforms) = postSolution
		{1F6AB4DB-D532-4AAF-845B-C8AA52C55F6A}.Debug|Any CPU.ActiveCfg = Debug|Any CPU
		{1F6AB4DB-D532-4AAF-845B-C8AA52C55F6A}.Debug|Any CPU.Build.0 = Debug|Any CPU
		{1F6AB4DB-D532-4AAF-845B-C8AA52C55F6A}.Release|Any CPU.ActiveCfg = Release|Any CPU
		{1F6AB4DB-D532-4AAF-845B-C8AA52C55F6A}.Release|Any CPU.Build.0 = Release|Any CPU
	EndGlobalSection
	GlobalSection(SolutionProperties) = preSolution
		HideSolutionNode = FALSE
	EndGlobalSection
	GlobalSection(ExtensibilityGlobals) = postSolution
		SolutionGuid = {5D0166FA-66D3-49A9-95BE-9AADDBF17EF9}
	EndGlobalSection
EndGlobal
